// !$*UTF8*$!
{
	archiveVersion = 1;
	classes = {
	};
	objectVersion = 56;
	objects = {

/* Begin PBXBuildFile section */
		B8A6954D29DA1E0A00826460 /* AppDelegate.swift in Sources */ = {isa = PBXBuildFile; fileRef = B8A6954C29DA1E0A00826460 /* AppDelegate.swift */; };
		B8A6954F29DA1E0A00826460 /* SceneDelegate.swift in Sources */ = {isa = PBXBuildFile; fileRef = B8A6954E29DA1E0A00826460 /* SceneDelegate.swift */; };
		B8A6955629DA1E0B00826460 /* Assets.xcassets in Resources */ = {isa = PBXBuildFile; fileRef = B8A6955529DA1E0B00826460 /* Assets.xcassets */; };
		B8A6955929DA1E0B00826460 /* LaunchScreen.storyboard in Resources */ = {isa = PBXBuildFile; fileRef = B8A6955729DA1E0B00826460 /* LaunchScreen.storyboard */; };
		B8A6956729DAFCC000826460 /* TabBarController.swift in Sources */ = {isa = PBXBuildFile; fileRef = B8A6956629DAFCC000826460 /* TabBarController.swift */; };
		B8A695A429DB096300826460 /* MenuPresenter.swift in Sources */ = {isa = PBXBuildFile; fileRef = B8A6959E29DB096300826460 /* MenuPresenter.swift */; };
		B8A695A529DB096300826460 /* MenuWorker.swift in Sources */ = {isa = PBXBuildFile; fileRef = B8A6959F29DB096300826460 /* MenuWorker.swift */; };
		B8A695A629DB096300826460 /* MenuRouter.swift in Sources */ = {isa = PBXBuildFile; fileRef = B8A695A029DB096300826460 /* MenuRouter.swift */; };
		B8A695A729DB096300826460 /* MenuModels.swift in Sources */ = {isa = PBXBuildFile; fileRef = B8A695A129DB096300826460 /* MenuModels.swift */; };
		B8A695A829DB096300826460 /* MenuViewController.swift in Sources */ = {isa = PBXBuildFile; fileRef = B8A695A229DB096300826460 /* MenuViewController.swift */; };
		B8A695A929DB096300826460 /* MenuInteractor.swift in Sources */ = {isa = PBXBuildFile; fileRef = B8A695A329DB096300826460 /* MenuInteractor.swift */; };
		B8A695F129DB7A7D00826460 /* ItemDetailsPresenter.swift in Sources */ = {isa = PBXBuildFile; fileRef = B8A695EB29DB7A7D00826460 /* ItemDetailsPresenter.swift */; };
		B8A695F229DB7A7D00826460 /* ItemDetailsWorker.swift in Sources */ = {isa = PBXBuildFile; fileRef = B8A695EC29DB7A7D00826460 /* ItemDetailsWorker.swift */; };
		B8A695F329DB7A7D00826460 /* ItemDetailsRouter.swift in Sources */ = {isa = PBXBuildFile; fileRef = B8A695ED29DB7A7D00826460 /* ItemDetailsRouter.swift */; };
		B8A695F429DB7A7D00826460 /* ItemDetailsModels.swift in Sources */ = {isa = PBXBuildFile; fileRef = B8A695EE29DB7A7D00826460 /* ItemDetailsModels.swift */; };
		B8A695F529DB7A7D00826460 /* ItemDetailsViewController.swift in Sources */ = {isa = PBXBuildFile; fileRef = B8A695EF29DB7A7D00826460 /* ItemDetailsViewController.swift */; };
		B8A695F629DB7A7D00826460 /* ItemDetailsInteractor.swift in Sources */ = {isa = PBXBuildFile; fileRef = B8A695F029DB7A7D00826460 /* ItemDetailsInteractor.swift */; };
		B8A695F829DB7FF000826460 /* ItemDetailsConfigurator.swift in Sources */ = {isa = PBXBuildFile; fileRef = B8A695F729DB7FF000826460 /* ItemDetailsConfigurator.swift */; };
		B8A695FA29DB854200826460 /* Item.swift in Sources */ = {isa = PBXBuildFile; fileRef = B8A695F929DB854200826460 /* Item.swift */; };
		B8A695FD29DC1DAC00826460 /* NetworkManager.swift in Sources */ = {isa = PBXBuildFile; fileRef = B8A695FC29DC1DAC00826460 /* NetworkManager.swift */; };
		B8A695FF29DC1DC800826460 /* ImageManager.swift in Sources */ = {isa = PBXBuildFile; fileRef = B8A695FE29DC1DC800826460 /* ImageManager.swift */; };
		B8A6960129DC37C100826460 /* Constants.swift in Sources */ = {isa = PBXBuildFile; fileRef = B8A6960029DC37C000826460 /* Constants.swift */; };
		B8A6960329DC5F5E00826460 /* ItemCell.swift in Sources */ = {isa = PBXBuildFile; fileRef = B8A6960229DC5F5E00826460 /* ItemCell.swift */; };
		B8A6960529DC645200826460 /* MenuConfigurator.swift in Sources */ = {isa = PBXBuildFile; fileRef = B8A6960429DC645200826460 /* MenuConfigurator.swift */; };
		B8A6960B29DF5FDF00826460 /* CategoryCollectionTableViewHeader.swift in Sources */ = {isa = PBXBuildFile; fileRef = B8A6960A29DF5FDF00826460 /* CategoryCollectionTableViewHeader.swift */; };
		B8A6960F29E0302C00826460 /* BannerTableViewCell.swift in Sources */ = {isa = PBXBuildFile; fileRef = B8A6960E29E0302C00826460 /* BannerTableViewCell.swift */; };
		B8A6961229E0479300826460 /* BannerCollectionViewCell.swift in Sources */ = {isa = PBXBuildFile; fileRef = B8A6961129E0479300826460 /* BannerCollectionViewCell.swift */; };
		B8A6961429E04BE600826460 /* Banner.swift in Sources */ = {isa = PBXBuildFile; fileRef = B8A6961329E04BE600826460 /* Banner.swift */; };
		B8A6961629E1CC1700826460 /* Category.swift in Sources */ = {isa = PBXBuildFile; fileRef = B8A6961529E1CC1600826460 /* Category.swift */; };
		B8A6961D29E40C7500826460 /* main.png in Resources */ = {isa = PBXBuildFile; fileRef = B8A6961C29E40C7500826460 /* main.png */; };
		B8A6962129E40E1E00826460 /* category.png in Resources */ = {isa = PBXBuildFile; fileRef = B8A6962029E40E1E00826460 /* category.png */; };
		B8A6964329E4658700826460 /* CartViewController.swift in Sources */ = {isa = PBXBuildFile; fileRef = B8A6964229E4658700826460 /* CartViewController.swift */; };
		B8A6964529E465B100826460 /* ProfileViewController.swift in Sources */ = {isa = PBXBuildFile; fileRef = B8A6964429E465B100826460 /* ProfileViewController.swift */; };
		B8A6964729E465D200826460 /* ContactsViewController.swift in Sources */ = {isa = PBXBuildFile; fileRef = B8A6964629E465D200826460 /* ContactsViewController.swift */; };
/* End PBXBuildFile section */

/* Begin PBXFileReference section */
		B8A6954929DA1E0A00826460 /* HammerTestApp.app */ = {isa = PBXFileReference; explicitFileType = wrapper.application; includeInIndex = 0; path = HammerTestApp.app; sourceTree = BUILT_PRODUCTS_DIR; };
		B8A6954C29DA1E0A00826460 /* AppDelegate.swift */ = {isa = PBXFileReference; lastKnownFileType = sourcecode.swift; path = AppDelegate.swift; sourceTree = "<group>"; };
		B8A6954E29DA1E0A00826460 /* SceneDelegate.swift */ = {isa = PBXFileReference; lastKnownFileType = sourcecode.swift; path = SceneDelegate.swift; sourceTree = "<group>"; };
		B8A6955529DA1E0B00826460 /* Assets.xcassets */ = {isa = PBXFileReference; lastKnownFileType = folder.assetcatalog; path = Assets.xcassets; sourceTree = "<group>"; };
		B8A6955829DA1E0B00826460 /* Base */ = {isa = PBXFileReference; lastKnownFileType = file.storyboard; name = Base; path = Base.lproj/LaunchScreen.storyboard; sourceTree = "<group>"; };
		B8A6955A29DA1E0B00826460 /* Info.plist */ = {isa = PBXFileReference; lastKnownFileType = text.plist.xml; path = Info.plist; sourceTree = "<group>"; };
		B8A6956629DAFCC000826460 /* TabBarController.swift */ = {isa = PBXFileReference; lastKnownFileType = sourcecode.swift; path = TabBarController.swift; sourceTree = "<group>"; };
		B8A6959E29DB096300826460 /* MenuPresenter.swift */ = {isa = PBXFileReference; lastKnownFileType = sourcecode.swift; path = MenuPresenter.swift; sourceTree = "<group>"; };
		B8A6959F29DB096300826460 /* MenuWorker.swift */ = {isa = PBXFileReference; lastKnownFileType = sourcecode.swift; path = MenuWorker.swift; sourceTree = "<group>"; };
		B8A695A029DB096300826460 /* MenuRouter.swift */ = {isa = PBXFileReference; lastKnownFileType = sourcecode.swift; path = MenuRouter.swift; sourceTree = "<group>"; };
		B8A695A129DB096300826460 /* MenuModels.swift */ = {isa = PBXFileReference; lastKnownFileType = sourcecode.swift; path = MenuModels.swift; sourceTree = "<group>"; };
		B8A695A229DB096300826460 /* MenuViewController.swift */ = {isa = PBXFileReference; lastKnownFileType = sourcecode.swift; path = MenuViewController.swift; sourceTree = "<group>"; };
		B8A695A329DB096300826460 /* MenuInteractor.swift */ = {isa = PBXFileReference; lastKnownFileType = sourcecode.swift; path = MenuInteractor.swift; sourceTree = "<group>"; };
		B8A695EB29DB7A7D00826460 /* ItemDetailsPresenter.swift */ = {isa = PBXFileReference; lastKnownFileType = sourcecode.swift; path = ItemDetailsPresenter.swift; sourceTree = "<group>"; };
		B8A695EC29DB7A7D00826460 /* ItemDetailsWorker.swift */ = {isa = PBXFileReference; lastKnownFileType = sourcecode.swift; path = ItemDetailsWorker.swift; sourceTree = "<group>"; };
		B8A695ED29DB7A7D00826460 /* ItemDetailsRouter.swift */ = {isa = PBXFileReference; lastKnownFileType = sourcecode.swift; path = ItemDetailsRouter.swift; sourceTree = "<group>"; };
		B8A695EE29DB7A7D00826460 /* ItemDetailsModels.swift */ = {isa = PBXFileReference; lastKnownFileType = sourcecode.swift; path = ItemDetailsModels.swift; sourceTree = "<group>"; };
		B8A695EF29DB7A7D00826460 /* ItemDetailsViewController.swift */ = {isa = PBXFileReference; lastKnownFileType = sourcecode.swift; path = ItemDetailsViewController.swift; sourceTree = "<group>"; };
		B8A695F029DB7A7D00826460 /* ItemDetailsInteractor.swift */ = {isa = PBXFileReference; lastKnownFileType = sourcecode.swift; path = ItemDetailsInteractor.swift; sourceTree = "<group>"; };
		B8A695F729DB7FF000826460 /* ItemDetailsConfigurator.swift */ = {isa = PBXFileReference; lastKnownFileType = sourcecode.swift; path = ItemDetailsConfigurator.swift; sourceTree = "<group>"; };
		B8A695F929DB854200826460 /* Item.swift */ = {isa = PBXFileReference; lastKnownFileType = sourcecode.swift; path = Item.swift; sourceTree = "<group>"; };
		B8A695FC29DC1DAC00826460 /* NetworkManager.swift */ = {isa = PBXFileReference; lastKnownFileType = sourcecode.swift; path = NetworkManager.swift; sourceTree = "<group>"; };
		B8A695FE29DC1DC800826460 /* ImageManager.swift */ = {isa = PBXFileReference; lastKnownFileType = sourcecode.swift; path = ImageManager.swift; sourceTree = "<group>"; };
		B8A6960029DC37C000826460 /* Constants.swift */ = {isa = PBXFileReference; lastKnownFileType = sourcecode.swift; path = Constants.swift; sourceTree = "<group>"; };
		B8A6960229DC5F5E00826460 /* ItemCell.swift */ = {isa = PBXFileReference; lastKnownFileType = sourcecode.swift; path = ItemCell.swift; sourceTree = "<group>"; };
		B8A6960429DC645200826460 /* MenuConfigurator.swift */ = {isa = PBXFileReference; lastKnownFileType = sourcecode.swift; path = MenuConfigurator.swift; sourceTree = "<group>"; };
		B8A6960A29DF5FDF00826460 /* CategoryCollectionTableViewHeader.swift */ = {isa = PBXFileReference; lastKnownFileType = sourcecode.swift; path = CategoryCollectionTableViewHeader.swift; sourceTree = "<group>"; };
		B8A6960E29E0302C00826460 /* BannerTableViewCell.swift */ = {isa = PBXFileReference; lastKnownFileType = sourcecode.swift; path = BannerTableViewCell.swift; sourceTree = "<group>"; };
		B8A6961129E0479300826460 /* BannerCollectionViewCell.swift */ = {isa = PBXFileReference; lastKnownFileType = sourcecode.swift; path = BannerCollectionViewCell.swift; sourceTree = "<group>"; };
		B8A6961329E04BE600826460 /* Banner.swift */ = {isa = PBXFileReference; lastKnownFileType = sourcecode.swift; path = Banner.swift; sourceTree = "<group>"; };
		B8A6961529E1CC1600826460 /* Category.swift */ = {isa = PBXFileReference; lastKnownFileType = sourcecode.swift; path = Category.swift; sourceTree = "<group>"; };
		B8A6961C29E40C7500826460 /* main.png */ = {isa = PBXFileReference; lastKnownFileType = image.png; path = main.png; sourceTree = "<group>"; };
		B8A6962029E40E1E00826460 /* category.png */ = {isa = PBXFileReference; lastKnownFileType = image.png; path = category.png; sourceTree = "<group>"; };
		B8A6964229E4658700826460 /* CartViewController.swift */ = {isa = PBXFileReference; lastKnownFileType = sourcecode.swift; path = CartViewController.swift; sourceTree = "<group>"; };
		B8A6964429E465B100826460 /* ProfileViewController.swift */ = {isa = PBXFileReference; lastKnownFileType = sourcecode.swift; path = ProfileViewController.swift; sourceTree = "<group>"; };
		B8A6964629E465D200826460 /* ContactsViewController.swift */ = {isa = PBXFileReference; lastKnownFileType = sourcecode.swift; path = ContactsViewController.swift; sourceTree = "<group>"; };
/* End PBXFileReference section */

/* Begin PBXFrameworksBuildPhase section */
		B8A6954629DA1E0A00826460 /* Frameworks */ = {
			isa = PBXFrameworksBuildPhase;
			buildActionMask = 2147483647;
			files = (
			);
			runOnlyForDeploymentPostprocessing = 0;
		};
/* End PBXFrameworksBuildPhase section */

/* Begin PBXGroup section */
		B8A6954029DA1E0A00826460 = {
			isa = PBXGroup;
			children = (
				B8A6961B29E40BF100826460 /* Screens */,
				B8A6954B29DA1E0A00826460 /* HammerTestApp */,
				B8A6954A29DA1E0A00826460 /* Products */,
			);
			sourceTree = "<group>";
		};
		B8A6954A29DA1E0A00826460 /* Products */ = {
			isa = PBXGroup;
			children = (
				B8A6954929DA1E0A00826460 /* HammerTestApp.app */,
			);
			name = Products;
			sourceTree = "<group>";
		};
		B8A6954B29DA1E0A00826460 /* HammerTestApp */ = {
			isa = PBXGroup;
			children = (
				B8A695FB29DC1D9200826460 /* Services */,
				B8A6956329DAFBB400826460 /* App */,
				B8A6956029DAC75200826460 /* Models */,
				B8A6958329DB07F400826460 /* Scenes */,
				B8A695CE29DB354400826460 /* Storyboards */,
				B8A6955529DA1E0B00826460 /* Assets.xcassets */,
				B8A6955A29DA1E0B00826460 /* Info.plist */,
			);
			path = HammerTestApp;
			sourceTree = "<group>";
		};
		B8A6956029DAC75200826460 /* Models */ = {
			isa = PBXGroup;
			children = (
				B8A695F929DB854200826460 /* Item.swift */,
				B8A6961329E04BE600826460 /* Banner.swift */,
				B8A6961529E1CC1600826460 /* Category.swift */,
			);
			path = Models;
			sourceTree = "<group>";
		};
		B8A6956329DAFBB400826460 /* App */ = {
			isa = PBXGroup;
			children = (
				B8A6954C29DA1E0A00826460 /* AppDelegate.swift */,
				B8A6954E29DA1E0A00826460 /* SceneDelegate.swift */,
			);
			path = App;
			sourceTree = "<group>";
		};
		B8A6956529DAFC2C00826460 /* TabBar */ = {
			isa = PBXGroup;
			children = (
				B8A6956629DAFCC000826460 /* TabBarController.swift */,
			);
			path = TabBar;
			sourceTree = "<group>";
		};
		B8A6957429DB05A100826460 /* Menu */ = {
			isa = PBXGroup;
			children = (
				B8A6961029E0474100826460 /* BannersCell */,
				B8A6960929DF375800826460 /* CategoriesHeader */,
				B8A695DD29DB7A4100826460 /* ItemCell */,
				B8A695DC29DB7A1900826460 /* ItemDetails */,
				B8A695A229DB096300826460 /* MenuViewController.swift */,
				B8A695A329DB096300826460 /* MenuInteractor.swift */,
				B8A6959E29DB096300826460 /* MenuPresenter.swift */,
				B8A695A029DB096300826460 /* MenuRouter.swift */,
				B8A6959F29DB096300826460 /* MenuWorker.swift */,
				B8A695A129DB096300826460 /* MenuModels.swift */,
				B8A6960429DC645200826460 /* MenuConfigurator.swift */,
			);
			path = Menu;
			sourceTree = "<group>";
		};
		B8A6957629DB079F00826460 /* Contacts */ = {
			isa = PBXGroup;
			children = (
				B8A6964629E465D200826460 /* ContactsViewController.swift */,
			);
			path = Contacts;
			sourceTree = "<group>";
		};
		B8A6958329DB07F400826460 /* Scenes */ = {
			isa = PBXGroup;
			children = (
				B8A6956529DAFC2C00826460 /* TabBar */,
				B8A6957429DB05A100826460 /* Menu */,
				B8A6957629DB079F00826460 /* Contacts */,
				B8A6958429DB085400826460 /* Profile */,
				B8A6959129DB090400826460 /* Cart */,
			);
			path = Scenes;
			sourceTree = "<group>";
		};
		B8A6958429DB085400826460 /* Profile */ = {
			isa = PBXGroup;
			children = (
				B8A6964429E465B100826460 /* ProfileViewController.swift */,
			);
			path = Profile;
			sourceTree = "<group>";
		};
		B8A6959129DB090400826460 /* Cart */ = {
			isa = PBXGroup;
			children = (
				B8A6964229E4658700826460 /* CartViewController.swift */,
			);
			path = Cart;
			sourceTree = "<group>";
		};
		B8A695CE29DB354400826460 /* Storyboards */ = {
			isa = PBXGroup;
			children = (
				B8A6955729DA1E0B00826460 /* LaunchScreen.storyboard */,
			);
			path = Storyboards;
			sourceTree = "<group>";
		};
		B8A695DC29DB7A1900826460 /* ItemDetails */ = {
			isa = PBXGroup;
			children = (
				B8A695EF29DB7A7D00826460 /* ItemDetailsViewController.swift */,
				B8A695F029DB7A7D00826460 /* ItemDetailsInteractor.swift */,
				B8A695EB29DB7A7D00826460 /* ItemDetailsPresenter.swift */,
				B8A695EC29DB7A7D00826460 /* ItemDetailsWorker.swift */,
				B8A695ED29DB7A7D00826460 /* ItemDetailsRouter.swift */,
				B8A695EE29DB7A7D00826460 /* ItemDetailsModels.swift */,
				B8A695F729DB7FF000826460 /* ItemDetailsConfigurator.swift */,
			);
			path = ItemDetails;
			sourceTree = "<group>";
		};
		B8A695DD29DB7A4100826460 /* ItemCell */ = {
			isa = PBXGroup;
			children = (
				B8A6960229DC5F5E00826460 /* ItemCell.swift */,
			);
			path = ItemCell;
			sourceTree = "<group>";
		};
		B8A695FB29DC1D9200826460 /* Services */ = {
			isa = PBXGroup;
			children = (
				B8A6960029DC37C000826460 /* Constants.swift */,
				B8A695FC29DC1DAC00826460 /* NetworkManager.swift */,
				B8A695FE29DC1DC800826460 /* ImageManager.swift */,
			);
			path = Services;
			sourceTree = "<group>";
		};
		B8A6960929DF375800826460 /* CategoriesHeader */ = {
			isa = PBXGroup;
			children = (
				B8A6960A29DF5FDF00826460 /* CategoryCollectionTableViewHeader.swift */,
			);
			path = CategoriesHeader;
			sourceTree = "<group>";
		};
		B8A6961029E0474100826460 /* BannersCell */ = {
			isa = PBXGroup;
			children = (
				B8A6960E29E0302C00826460 /* BannerTableViewCell.swift */,
				B8A6961129E0479300826460 /* BannerCollectionViewCell.swift */,
			);
			path = BannersCell;
			sourceTree = "<group>";
		};
		B8A6961B29E40BF100826460 /* Screens */ = {
			isa = PBXGroup;
			children = (
				B8A6961C29E40C7500826460 /* main.png */,
				B8A6962029E40E1E00826460 /* category.png */,
			);
			path = Screens;
			sourceTree = "<group>";
		};
/* End PBXGroup section */

/* Begin PBXNativeTarget section */
		B8A6954829DA1E0A00826460 /* HammerTestApp */ = {
			isa = PBXNativeTarget;
			buildConfigurationList = B8A6955D29DA1E0B00826460 /* Build configuration list for PBXNativeTarget "HammerTestApp" */;
			buildPhases = (
				B8A6954529DA1E0A00826460 /* Sources */,
				B8A6954629DA1E0A00826460 /* Frameworks */,
				B8A6954729DA1E0A00826460 /* Resources */,
			);
			buildRules = (
			);
			dependencies = (
			);
			name = HammerTestApp;
			packageProductDependencies = (
			);
			productName = HammerTestApp;
			productReference = B8A6954929DA1E0A00826460 /* HammerTestApp.app */;
			productType = "com.apple.product-type.application";
		};
/* End PBXNativeTarget section */

/* Begin PBXProject section */
		B8A6954129DA1E0A00826460 /* Project object */ = {
			isa = PBXProject;
			attributes = {
				BuildIndependentTargetsInParallel = 1;
				LastSwiftUpdateCheck = 1430;
				LastUpgradeCheck = 1430;
				TargetAttributes = {
					B8A6954829DA1E0A00826460 = {
						CreatedOnToolsVersion = 14.3;
					};
				};
			};
			buildConfigurationList = B8A6954429DA1E0A00826460 /* Build configuration list for PBXProject "HammerTestApp" */;
			compatibilityVersion = "Xcode 14.0";
			developmentRegion = en;
			hasScannedForEncodings = 0;
			knownRegions = (
				en,
				Base,
			);
			mainGroup = B8A6954029DA1E0A00826460;
			packageReferences = (
				B8A6960629DEC53400826460 /* XCRemoteSwiftPackageReference "Kingfisher" */,
			);
			productRefGroup = B8A6954A29DA1E0A00826460 /* Products */;
			projectDirPath = "";
			projectRoot = "";
			targets = (
				B8A6954829DA1E0A00826460 /* HammerTestApp */,
			);
		};
/* End PBXProject section */

/* Begin PBXResourcesBuildPhase section */
		B8A6954729DA1E0A00826460 /* Resources */ = {
			isa = PBXResourcesBuildPhase;
			buildActionMask = 2147483647;
			files = (
				B8A6955929DA1E0B00826460 /* LaunchScreen.storyboard in Resources */,
				B8A6962129E40E1E00826460 /* category.png in Resources */,
				B8A6955629DA1E0B00826460 /* Assets.xcassets in Resources */,
				B8A6961D29E40C7500826460 /* main.png in Resources */,
			);
			runOnlyForDeploymentPostprocessing = 0;
		};
/* End PBXResourcesBuildPhase section */

/* Begin PBXSourcesBuildPhase section */
		B8A6954529DA1E0A00826460 /* Sources */ = {
			isa = PBXSourcesBuildPhase;
			buildActionMask = 2147483647;
			files = (
				B8A6961429E04BE600826460 /* Banner.swift in Sources */,
				B8A695FF29DC1DC800826460 /* ImageManager.swift in Sources */,
				B8A695FA29DB854200826460 /* Item.swift in Sources */,
				B8A6964329E4658700826460 /* CartViewController.swift in Sources */,
				B8A6964529E465B100826460 /* ProfileViewController.swift in Sources */,
				B8A695A629DB096300826460 /* MenuRouter.swift in Sources */,
				B8A6960529DC645200826460 /* MenuConfigurator.swift in Sources */,
				B8A695F629DB7A7D00826460 /* ItemDetailsInteractor.swift in Sources */,
				B8A695F829DB7FF000826460 /* ItemDetailsConfigurator.swift in Sources */,
				B8A6954D29DA1E0A00826460 /* AppDelegate.swift in Sources */,
				B8A695A529DB096300826460 /* MenuWorker.swift in Sources */,
				B8A695A829DB096300826460 /* MenuViewController.swift in Sources */,
				B8A6960B29DF5FDF00826460 /* CategoryCollectionTableViewHeader.swift in Sources */,
				B8A695A929DB096300826460 /* MenuInteractor.swift in Sources */,
				B8A695F129DB7A7D00826460 /* ItemDetailsPresenter.swift in Sources */,
				B8A6960129DC37C100826460 /* Constants.swift in Sources */,
				B8A695FD29DC1DAC00826460 /* NetworkManager.swift in Sources */,
				B8A695A729DB096300826460 /* MenuModels.swift in Sources */,
				B8A695F529DB7A7D00826460 /* ItemDetailsViewController.swift in Sources */,
				B8A6960F29E0302C00826460 /* BannerTableViewCell.swift in Sources */,
				B8A695F429DB7A7D00826460 /* ItemDetailsModels.swift in Sources */,
				B8A6960329DC5F5E00826460 /* ItemCell.swift in Sources */,
				B8A6956729DAFCC000826460 /* TabBarController.swift in Sources */,
				B8A6961229E0479300826460 /* BannerCollectionViewCell.swift in Sources */,
				B8A695A429DB096300826460 /* MenuPresenter.swift in Sources */,
				B8A6961629E1CC1700826460 /* Category.swift in Sources */,
				B8A695F229DB7A7D00826460 /* ItemDetailsWorker.swift in Sources */,
				B8A6954F29DA1E0A00826460 /* SceneDelegate.swift in Sources */,
				B8A695F329DB7A7D00826460 /* ItemDetailsRouter.swift in Sources */,
				B8A6964729E465D200826460 /* ContactsViewController.swift in Sources */,
			);
			runOnlyForDeploymentPostprocessing = 0;
		};
/* End PBXSourcesBuildPhase section */

/* Begin PBXVariantGroup section */
		B8A6955729DA1E0B00826460 /* LaunchScreen.storyboard */ = {
			isa = PBXVariantGroup;
			children = (
				B8A6955829DA1E0B00826460 /* Base */,
			);
			name = LaunchScreen.storyboard;
			sourceTree = "<group>";
		};
/* End PBXVariantGroup section */

/* Begin XCBuildConfiguration section */
		B8A6955B29DA1E0B00826460 /* Debug */ = {
			isa = XCBuildConfiguration;
			buildSettings = {
				ALWAYS_SEARCH_USER_PATHS = NO;
				CLANG_ANALYZER_NONNULL = YES;
				CLANG_ANALYZER_NUMBER_OBJECT_CONVERSION = YES_AGGRESSIVE;
				CLANG_CXX_LANGUAGE_STANDARD = "gnu++20";
				CLANG_ENABLE_MODULES = YES;
				CLANG_ENABLE_OBJC_ARC = YES;
				CLANG_ENABLE_OBJC_WEAK = YES;
				CLANG_WARN_BLOCK_CAPTURE_AUTORELEASING = YES;
				CLANG_WARN_BOOL_CONVERSION = YES;
				CLANG_WARN_COMMA = YES;
				CLANG_WARN_CONSTANT_CONVERSION = YES;
				CLANG_WARN_DEPRECATED_OBJC_IMPLEMENTATIONS = YES;
				CLANG_WARN_DIRECT_OBJC_ISA_USAGE = YES_ERROR;
				CLANG_WARN_DOCUMENTATION_COMMENTS = YES;
				CLANG_WARN_EMPTY_BODY = YES;
				CLANG_WARN_ENUM_CONVERSION = YES;
				CLANG_WARN_INFINITE_RECURSION = YES;
				CLANG_WARN_INT_CONVERSION = YES;
				CLANG_WARN_NON_LITERAL_NULL_CONVERSION = YES;
				CLANG_WARN_OBJC_IMPLICIT_RETAIN_SELF = YES;
				CLANG_WARN_OBJC_LITERAL_CONVERSION = YES;
				CLANG_WARN_OBJC_ROOT_CLASS = YES_ERROR;
				CLANG_WARN_QUOTED_INCLUDE_IN_FRAMEWORK_HEADER = YES;
				CLANG_WARN_RANGE_LOOP_ANALYSIS = YES;
				CLANG_WARN_STRICT_PROTOTYPES = YES;
				CLANG_WARN_SUSPICIOUS_MOVE = YES;
				CLANG_WARN_UNGUARDED_AVAILABILITY = YES_AGGRESSIVE;
				CLANG_WARN_UNREACHABLE_CODE = YES;
				CLANG_WARN__DUPLICATE_METHOD_MATCH = YES;
				COPY_PHASE_STRIP = NO;
				DEBUG_INFORMATION_FORMAT = dwarf;
				ENABLE_STRICT_OBJC_MSGSEND = YES;
				ENABLE_TESTABILITY = YES;
				GCC_C_LANGUAGE_STANDARD = gnu11;
				GCC_DYNAMIC_NO_PIC = NO;
				GCC_NO_COMMON_BLOCKS = YES;
				GCC_OPTIMIZATION_LEVEL = 0;
				GCC_PREPROCESSOR_DEFINITIONS = (
					"DEBUG=1",
					"$(inherited)",
				);
				GCC_WARN_64_TO_32_BIT_CONVERSION = YES;
				GCC_WARN_ABOUT_RETURN_TYPE = YES_ERROR;
				GCC_WARN_UNDECLARED_SELECTOR = YES;
				GCC_WARN_UNINITIALIZED_AUTOS = YES_AGGRESSIVE;
				GCC_WARN_UNUSED_FUNCTION = YES;
				GCC_WARN_UNUSED_VARIABLE = YES;
				IPHONEOS_DEPLOYMENT_TARGET = 16.4;
				MTL_ENABLE_DEBUG_INFO = INCLUDE_SOURCE;
				MTL_FAST_MATH = YES;
				ONLY_ACTIVE_ARCH = YES;
				SDKROOT = iphoneos;
				SWIFT_ACTIVE_COMPILATION_CONDITIONS = DEBUG;
				SWIFT_OPTIMIZATION_LEVEL = "-Onone";
			};
			name = Debug;
		};
		B8A6955C29DA1E0B00826460 /* Release */ = {
			isa = XCBuildConfiguration;
			buildSettings = {
				ALWAYS_SEARCH_USER_PATHS = NO;
				CLANG_ANALYZER_NONNULL = YES;
				CLANG_ANALYZER_NUMBER_OBJECT_CONVERSION = YES_AGGRESSIVE;
				CLANG_CXX_LANGUAGE_STANDARD = "gnu++20";
				CLANG_ENABLE_MODULES = YES;
				CLANG_ENABLE_OBJC_ARC = YES;
				CLANG_ENABLE_OBJC_WEAK = YES;
				CLANG_WARN_BLOCK_CAPTURE_AUTORELEASING = YES;
				CLANG_WARN_BOOL_CONVERSION = YES;
				CLANG_WARN_COMMA = YES;
				CLANG_WARN_CONSTANT_CONVERSION = YES;
				CLANG_WARN_DEPRECATED_OBJC_IMPLEMENTATIONS = YES;
				CLANG_WARN_DIRECT_OBJC_ISA_USAGE = YES_ERROR;
				CLANG_WARN_DOCUMENTATION_COMMENTS = YES;
				CLANG_WARN_EMPTY_BODY = YES;
				CLANG_WARN_ENUM_CONVERSION = YES;
				CLANG_WARN_INFINITE_RECURSION = YES;
				CLANG_WARN_INT_CONVERSION = YES;
				CLANG_WARN_NON_LITERAL_NULL_CONVERSION = YES;
				CLANG_WARN_OBJC_IMPLICIT_RETAIN_SELF = YES;
				CLANG_WARN_OBJC_LITERAL_CONVERSION = YES;
				CLANG_WARN_OBJC_ROOT_CLASS = YES_ERROR;
				CLANG_WARN_QUOTED_INCLUDE_IN_FRAMEWORK_HEADER = YES;
				CLANG_WARN_RANGE_LOOP_ANALYSIS = YES;
				CLANG_WARN_STRICT_PROTOTYPES = YES;
				CLANG_WARN_SUSPICIOUS_MOVE = YES;
				CLANG_WARN_UNGUARDED_AVAILABILITY = YES_AGGRESSIVE;
				CLANG_WARN_UNREACHABLE_CODE = YES;
				CLANG_WARN__DUPLICATE_METHOD_MATCH = YES;
				COPY_PHASE_STRIP = NO;
				DEBUG_INFORMATION_FORMAT = "dwarf-with-dsym";
				ENABLE_NS_ASSERTIONS = NO;
				ENABLE_STRICT_OBJC_MSGSEND = YES;
				GCC_C_LANGUAGE_STANDARD = gnu11;
				GCC_NO_COMMON_BLOCKS = YES;
				GCC_WARN_64_TO_32_BIT_CONVERSION = YES;
				GCC_WARN_ABOUT_RETURN_TYPE = YES_ERROR;
				GCC_WARN_UNDECLARED_SELECTOR = YES;
				GCC_WARN_UNINITIALIZED_AUTOS = YES_AGGRESSIVE;
				GCC_WARN_UNUSED_FUNCTION = YES;
				GCC_WARN_UNUSED_VARIABLE = YES;
				IPHONEOS_DEPLOYMENT_TARGET = 16.4;
				MTL_ENABLE_DEBUG_INFO = NO;
				MTL_FAST_MATH = YES;
				SDKROOT = iphoneos;
				SWIFT_COMPILATION_MODE = wholemodule;
				SWIFT_OPTIMIZATION_LEVEL = "-O";
				VALIDATE_PRODUCT = YES;
			};
			name = Release;
		};
		B8A6955E29DA1E0B00826460 /* Debug */ = {
			isa = XCBuildConfiguration;
			buildSettings = {
				ASSETCATALOG_COMPILER_APPICON_NAME = AppIcon;
				ASSETCATALOG_COMPILER_GLOBAL_ACCENT_COLOR_NAME = AccentColor;
				CODE_SIGN_STYLE = Automatic;
				CURRENT_PROJECT_VERSION = 1;
				DEVELOPMENT_TEAM = Q5C6FH53V7;
				GENERATE_INFOPLIST_FILE = YES;
				INFOPLIST_FILE = HammerTestApp/Info.plist;
				INFOPLIST_KEY_UIApplicationSupportsIndirectInputEvents = YES;
				INFOPLIST_KEY_UILaunchStoryboardName = LaunchScreen;
				INFOPLIST_KEY_UISupportedInterfaceOrientations_iPad = "UIInterfaceOrientationPortrait UIInterfaceOrientationPortraitUpsideDown UIInterfaceOrientationLandscapeLeft UIInterfaceOrientationLandscapeRight";
				INFOPLIST_KEY_UISupportedInterfaceOrientations_iPhone = "UIInterfaceOrientationPortrait UIInterfaceOrientationLandscapeLeft UIInterfaceOrientationLandscapeRight";
				LD_RUNPATH_SEARCH_PATHS = (
					"$(inherited)",
					"@executable_path/Frameworks",
				);
				MARKETING_VERSION = 1.0;
				PRODUCT_BUNDLE_IDENTIFIER = VoidAsterisk.HammerTestApp;
				PRODUCT_NAME = "$(TARGET_NAME)";
				SWIFT_EMIT_LOC_STRINGS = YES;
				SWIFT_VERSION = 5.0;
				TARGETED_DEVICE_FAMILY = "1,2";
			};
			name = Debug;
		};
		B8A6955F29DA1E0B00826460 /* Release */ = {
			isa = XCBuildConfiguration;
			buildSettings = {
				ASSETCATALOG_COMPILER_APPICON_NAME = AppIcon;
				ASSETCATALOG_COMPILER_GLOBAL_ACCENT_COLOR_NAME = AccentColor;
				CODE_SIGN_STYLE = Automatic;
				CURRENT_PROJECT_VERSION = 1;
				DEVELOPMENT_TEAM = Q5C6FH53V7;
				GENERATE_INFOPLIST_FILE = YES;
				INFOPLIST_FILE = HammerTestApp/Info.plist;
				INFOPLIST_KEY_UIApplicationSupportsIndirectInputEvents = YES;
				INFOPLIST_KEY_UILaunchStoryboardName = LaunchScreen;
				INFOPLIST_KEY_UISupportedInterfaceOrientations_iPad = "UIInterfaceOrientationPortrait UIInterfaceOrientationPortraitUpsideDown UIInterfaceOrientationLandscapeLeft UIInterfaceOrientationLandscapeRight";
				INFOPLIST_KEY_UISupportedInterfaceOrientations_iPhone = "UIInterfaceOrientationPortrait UIInterfaceOrientationLandscapeLeft UIInterfaceOrientationLandscapeRight";
				LD_RUNPATH_SEARCH_PATHS = (
					"$(inherited)",
					"@executable_path/Frameworks",
				);
				MARKETING_VERSION = 1.0;
				PRODUCT_BUNDLE_IDENTIFIER = VoidAsterisk.HammerTestApp;
				PRODUCT_NAME = "$(TARGET_NAME)";
				SWIFT_EMIT_LOC_STRINGS = YES;
				SWIFT_VERSION = 5.0;
				TARGETED_DEVICE_FAMILY = "1,2";
			};
			name = Release;
		};
/* End XCBuildConfiguration section */

/* Begin XCConfigurationList section */
		B8A6954429DA1E0A00826460 /* Build configuration list for PBXProject "HammerTestApp" */ = {
			isa = XCConfigurationList;
			buildConfigurations = (
				B8A6955B29DA1E0B00826460 /* Debug */,
				B8A6955C29DA1E0B00826460 /* Release */,
			);
			defaultConfigurationIsVisible = 0;
			defaultConfigurationName = Release;
		};
		B8A6955D29DA1E0B00826460 /* Build configuration list for PBXNativeTarget "HammerTestApp" */ = {
			isa = XCConfigurationList;
			buildConfigurations = (
				B8A6955E29DA1E0B00826460 /* Debug */,
				B8A6955F29DA1E0B00826460 /* Release */,
			);
			defaultConfigurationIsVisible = 0;
			defaultConfigurationName = Release;
		};
/* End XCConfigurationList section */

/* Begin XCRemoteSwiftPackageReference section */
		B8A6960629DEC53400826460 /* XCRemoteSwiftPackageReference "Kingfisher" */ = {
			isa = XCRemoteSwiftPackageReference;
			repositoryURL = "https://github.com/onevcat/Kingfisher";
			requirement = {
				kind = upToNextMajorVersion;
				minimumVersion = 7.0.0;
			};
		};
/* End XCRemoteSwiftPackageReference section */
	};
	rootObject = B8A6954129DA1E0A00826460 /* Project object */;
}
